{
  "requires": true,
  "lockfileVersion": 1,
  "dependencies": {
    "@angular/material": {
      "version": "11.2.11",
      "resolved": "https://registry.npmjs.org/@angular/material/-/material-11.2.11.tgz",
      "integrity": "sha512-B9uehF/TCaH6+nCY3+S8GxSHzFbk1OD4djzyBcSNsLnwtY3UYSCT9j/J05cAahpCSUPxCWkj4MfgnhtduLmMgA==",
      "requires": {
        "tslib": "^2.0.0"
      }
    },
    "@material/animation": {
      "version": "11.0.0",
      "resolved": "https://registry.npmjs.org/@material/animation/-/animation-11.0.0.tgz",
      "integrity": "sha512-pAJRl0ySvfOzqyGUme27tPf1LbqrjSTK4g5kngpXOPAIQdYYx89QLAfcqHONSpvXO7/WP+Kc9zJ3WWxbUaG8Wg==",
      "requires": {
        "tslib": "^2.1.0"
      }
    },
    "@material/base": {
      "version": "11.0.0",
      "resolved": "https://registry.npmjs.org/@material/base/-/base-11.0.0.tgz",
      "integrity": "sha512-GTybYdiWBoEyYQ3he8cEeuXe5mPq2peFX41rBsMrs516TGDxrVJrEAKNedydhtpfRBsZRreTXMLZtbGrZzfIFQ==",
      "requires": {
        "tslib": "^2.1.0"
      }
    },
    "@material/dom": {
      "version": "11.0.0",
      "resolved": "https://registry.npmjs.org/@material/dom/-/dom-11.0.0.tgz",
      "integrity": "sha512-LZdg6VmYnMXc/Ct/GdQ22o4m3UgjhZYQIrwu9Iebqchx0Vd2OTmcFN5nArHSCSgUEhpjpPlkbZmjOpeOAwiKZg==",
      "requires": {
        "@material/feature-targeting": "^11.0.0",
        "tslib": "^2.1.0"
      }
    },
    "@material/feature-targeting": {
      "version": "11.0.0",
      "resolved": "https://registry.npmjs.org/@material/feature-targeting/-/feature-targeting-11.0.0.tgz",
      "integrity": "sha512-7/jdaHm7C16Eq02tDQ1iI+giWKgk+QRNWFrmGKzHfXbU604XwY/eSLSiVS8QI01vx9QZ0aO9K84m0yhQQNQQtg==",
      "requires": {
        "tslib": "^2.1.0"
      }
    },
    "@material/form-field": {
      "version": "11.0.0",
      "resolved": "https://registry.npmjs.org/@material/form-field/-/form-field-11.0.0.tgz",
      "integrity": "sha512-w42PHsq8A+7cgrgBGT5j0h3FTgjs7qvLJFYlwp5QYayC2qTZQa3VsF3OTxuXcn3FVlFnBCwILp0+FfWfRmaH4w==",
      "requires": {
        "@material/base": "^11.0.0",
        "@material/feature-targeting": "^11.0.0",
        "@material/ripple": "^11.0.0",
        "@material/rtl": "^11.0.0",
        "@material/theme": "^11.0.0",
        "@material/typography": "^11.0.0",
        "tslib": "^2.1.0"
      }
    },
    "@material/ripple": {
      "version": "11.0.0",
      "resolved": "https://registry.npmjs.org/@material/ripple/-/ripple-11.0.0.tgz",
      "integrity": "sha512-672zAsYaL8aS861VgfEPL4sFMkFe0psiSc+4DfUTq7Nanl4e1gcarzzHZAn5IExUNk3/5QybDiXV+dbaL/0NjQ==",
      "requires": {
        "@material/animation": "^11.0.0",
        "@material/base": "^11.0.0",
        "@material/dom": "^11.0.0",
        "@material/feature-targeting": "^11.0.0",
        "@material/theme": "^11.0.0",
        "tslib": "^2.1.0"
      }
    },
    "@material/rtl": {
      "version": "11.0.0",
      "resolved": "https://registry.npmjs.org/@material/rtl/-/rtl-11.0.0.tgz",
      "integrity": "sha512-FcS8+N9MhnC0Wdd34O2yCC/5ylIwkfHjV5pbmHyEtb4YXoWngnPIxgpOr5PsUv95WSQBmeqWCRJDwS+sGZHoKQ==",
      "requires": {
        "@material/theme": "^11.0.0",
        "tslib": "^2.1.0"
      }
    },
    "@material/theme": {
      "version": "11.0.0",
      "resolved": "https://registry.npmjs.org/@material/theme/-/theme-11.0.0.tgz",
      "integrity": "sha512-GnQI8sd2wHFD3AvmhpyRaH5o9D5Shobs1xDH4FdRU9+c+FNNqouZMDzyM6UpCX4700DzqvE7l0/1LjzB7ve7Lg==",
      "requires": {
        "@material/feature-targeting": "^11.0.0",
        "tslib": "^2.1.0"
      }
    },
    "@material/typography": {
      "version": "11.0.0",
      "resolved": "https://registry.npmjs.org/@material/typography/-/typography-11.0.0.tgz",
      "integrity": "sha512-i9IGO/ZsF+YnqC2+PpJapt/8hSXOKFXaqv6B9uUr+iQ8GD4bEFpxm5kChzH918wJpCHvxbTYbnR6buaF9nkjCQ==",
      "requires": {
        "@material/feature-targeting": "^11.0.0",
        "@material/theme": "^11.0.0",
        "tslib": "^2.1.0"
      }
    },
    "tslib": {
      "version": "2.2.0",
      "resolved": "https://registry.npmjs.org/tslib/-/tslib-2.2.0.tgz",
      "integrity": "sha512-gS9GVHRU+RGn5KQM2rllAlR3dU6m7AcpJKdtH8gFvQiC4Otgk98XnmMU+nZenHt/+VhnBPWwgrJsyrdcw6i23w=="
    }
  }
}
